// !$*UTF8*$!
{
	archiveVersion = 1;
	classes = {
	};
	objectVersion = 50;
	objects = {

/* Begin PBXBuildFile section */
		7D03140221D24ABE00F46D04 /* VisualizerTextField.swift in Sources */ = {isa = PBXBuildFile; fileRef = 7D03140121D24ABE00F46D04 /* VisualizerTextField.swift */; };
		7D03140421D2539D00F46D04 /* LightController.swift in Sources */ = {isa = PBXBuildFile; fileRef = 7D03140321D2539D00F46D04 /* LightController.swift */; };
		7D03140A21D2E0DE00F46D04 /* PreferencesViewController.swift in Sources */ = {isa = PBXBuildFile; fileRef = 7D03140921D2E0DE00F46D04 /* PreferencesViewController.swift */; };
		7D03140C21D2E30300F46D04 /* DeviceManager.swift in Sources */ = {isa = PBXBuildFile; fileRef = 7D03140B21D2E30300F46D04 /* DeviceManager.swift */; };
		7D0F4FDD21D63E57006A092B /* LightPatternManager.swift in Sources */ = {isa = PBXBuildFile; fileRef = 7D0F4FDC21D63E57006A092B /* LightPatternManager.swift */; };
		7D12FB622249AD0F005726DA /* ScrollingLevelView.swift in Sources */ = {isa = PBXBuildFile; fileRef = 7D12FB612249AD0F005726DA /* ScrollingLevelView.swift */; };
		7D12FB64224EEB6F005726DA /* RangeControl.swift in Sources */ = {isa = PBXBuildFile; fileRef = 7D12FB63224EEB6F005726DA /* RangeControl.swift */; };
		7D14BC5721D0464700CF199F /* VisualizerMainViewController.swift in Sources */ = {isa = PBXBuildFile; fileRef = 7D14BC5621D0464700CF199F /* VisualizerMainViewController.swift */; };
		7D14BC5921D0C1E500CF199F /* VisualizationDrivers.swift in Sources */ = {isa = PBXBuildFile; fileRef = 7D14BC5821D0C1E500CF199F /* VisualizationDrivers.swift */; };
		7D1FDA1A2239ACEA000AC7FE /* AdjustableLevelView.swift in Sources */ = {isa = PBXBuildFile; fileRef = 7D1FDA192239ACEA000AC7FE /* AdjustableLevelView.swift */; };
		7D33778421D027BA00554841 /* BufferProcessor.swift in Sources */ = {isa = PBXBuildFile; fileRef = 7D33777F21CF2C4900554841 /* BufferProcessor.swift */; };
		7D33778521D027BB00554841 /* BiasedIIRFilter.swift in Sources */ = {isa = PBXBuildFile; fileRef = 7D884BD921CEEB9000FAD263 /* BiasedIIRFilter.swift */; };
		7D33778621D027BC00554841 /* AudioEngine.swift in Sources */ = {isa = PBXBuildFile; fileRef = 7DFE03B421CB6F8C00D6288F /* AudioEngine.swift */; };
		7D33778721D027BF00554841 /* SpectrumView.swift in Sources */ = {isa = PBXBuildFile; fileRef = 7D884BD321CCC36B00FAD263 /* SpectrumView.swift */; };
		7D33778821D027C000554841 /* ColorView.swift in Sources */ = {isa = PBXBuildFile; fileRef = 7DFE03AD21CB304900D6288F /* ColorView.swift */; };
		7D33778921D027C100554841 /* LegacyLevelView.swift in Sources */ = {isa = PBXBuildFile; fileRef = 7D884BD521CCD8EE00FAD263 /* LegacyLevelView.swift */; };
		7D33778A21D027C200554841 /* AppDelegate.swift in Sources */ = {isa = PBXBuildFile; fileRef = 7DFE037F21CB2C8800D6288F /* AppDelegate.swift */; };
		7D33778B21D027C400554841 /* ViewController.swift in Sources */ = {isa = PBXBuildFile; fileRef = 7DFE038121CB2C8800D6288F /* ViewController.swift */; };
		7D33778C21D027C500554841 /* Visualizer.swift in Sources */ = {isa = PBXBuildFile; fileRef = 7D884BC721CC47FD00FAD263 /* Visualizer.swift */; };
		7D33779021D035C800554841 /* DynamicRange.swift in Sources */ = {isa = PBXBuildFile; fileRef = 7D33778F21D035C800554841 /* DynamicRange.swift */; };
		7D42758521D866760075A325 /* SaveDialogViewController.swift in Sources */ = {isa = PBXBuildFile; fileRef = 7D42758421D866760075A325 /* SaveDialogViewController.swift */; };
		7D55915221DB366200982532 /* VisualizerSideViewController.swift in Sources */ = {isa = PBXBuildFile; fileRef = 7D55915121DB366200982532 /* VisualizerSideViewController.swift */; };
		7D5CF64C21DA566200D86666 /* Remap.swift in Sources */ = {isa = PBXBuildFile; fileRef = 7D5CF64B21DA566200D86666 /* Remap.swift */; };
		7D5E4E4E21D5B5A60074B129 /* GradientView.swift in Sources */ = {isa = PBXBuildFile; fileRef = 7D5E4E4D21D5B5A60074B129 /* GradientView.swift */; };
		7D5E4E5021D5C7F50074B129 /* GradientEditorViewController.swift in Sources */ = {isa = PBXBuildFile; fileRef = 7D5E4E4F21D5C7F50074B129 /* GradientEditorViewController.swift */; };
		7D5E4E5221D602370074B129 /* AppManager.swift in Sources */ = {isa = PBXBuildFile; fileRef = 7D5E4E5121D602370074B129 /* AppManager.swift */; };
		7D6BFD9D21F98EA700E17012 /* CircularColorWell.swift in Sources */ = {isa = PBXBuildFile; fileRef = 7D6BFD9C21F98EA700E17012 /* CircularColorWell.swift */; };
		7D6BFD9F21F98EB700E17012 /* SmoothingView.swift in Sources */ = {isa = PBXBuildFile; fileRef = 7D6BFD9E21F98EB700E17012 /* SmoothingView.swift */; };
		7D6D4DE221F2C9CC00553E11 /* AngleGradientArcLayer.swift in Sources */ = {isa = PBXBuildFile; fileRef = 7D6D4DE121F2C9CC00553E11 /* AngleGradientArcLayer.swift */; };
		7DB5D6E821D46E92000E7B6C /* VisualizerPresetManager.swift in Sources */ = {isa = PBXBuildFile; fileRef = 7DB5D6E721D46E92000E7B6C /* VisualizerPresetManager.swift */; };
		7DEBB55021EE916800878309 /* AngleGradientLayer.m in Sources */ = {isa = PBXBuildFile; fileRef = 7DEBB54F21EE916800878309 /* AngleGradientLayer.m */; };
		7DEBB55521EE977400878309 /* ArcLevelView.swift in Sources */ = {isa = PBXBuildFile; fileRef = 7DEBB55421EE977400878309 /* ArcLevelView.swift */; };
		7DF0C41E21E44DDB0007FD31 /* DynamicRangeViewController.swift in Sources */ = {isa = PBXBuildFile; fileRef = 7DF0C41D21E44DDB0007FD31 /* DynamicRangeViewController.swift */; };
		7DF1B65C21F9893200FC818E /* GistSwift.framework.dSYM in Resources */ = {isa = PBXBuildFile; fileRef = 7DF1B65B21F9893200FC818E /* GistSwift.framework.dSYM */; };
		7DF1B66121F9895900FC818E /* GistSwift.framework in Frameworks */ = {isa = PBXBuildFile; fileRef = 7DF1B65E21F9895300FC818E /* GistSwift.framework */; };
		7DF1B66221F9895900FC818E /* GistSwift.framework in Embed Frameworks */ = {isa = PBXBuildFile; fileRef = 7DF1B65E21F9895300FC818E /* GistSwift.framework */; settings = {ATTRIBUTES = (CodeSignOnCopy, RemoveHeadersOnCopy, ); }; };
		7DF1B66321F9895900FC818E /* ORSSerial.framework in Frameworks */ = {isa = PBXBuildFile; fileRef = 7DF1B65D21F9895300FC818E /* ORSSerial.framework */; };
		7DF1B66421F9895900FC818E /* ORSSerial.framework in Embed Frameworks */ = {isa = PBXBuildFile; fileRef = 7DF1B65D21F9895300FC818E /* ORSSerial.framework */; settings = {ATTRIBUTES = (CodeSignOnCopy, RemoveHeadersOnCopy, ); }; };
		7DFC34202202DD7D00B4C993 /* SideViewController.swift in Sources */ = {isa = PBXBuildFile; fileRef = 7DFC341F2202DD7D00B4C993 /* SideViewController.swift */; };
		7DFE038421CB2C8900D6288F /* Assets.xcassets in Resources */ = {isa = PBXBuildFile; fileRef = 7DFE038321CB2C8900D6288F /* Assets.xcassets */; };
		7DFE038721CB2C8900D6288F /* Main.storyboard in Resources */ = {isa = PBXBuildFile; fileRef = 7DFE038521CB2C8900D6288F /* Main.storyboard */; };
		7DFE039321CB2C8900D6288F /* LED_Strip_ControllerTests.swift in Sources */ = {isa = PBXBuildFile; fileRef = 7DFE039221CB2C8900D6288F /* LED_Strip_ControllerTests.swift */; };
		7DFE039E21CB2C8900D6288F /* LED_Strip_ControllerUITests.swift in Sources */ = {isa = PBXBuildFile; fileRef = 7DFE039D21CB2C8900D6288F /* LED_Strip_ControllerUITests.swift */; };
/* End PBXBuildFile section */

/* Begin PBXContainerItemProxy section */
		7DFE038F21CB2C8900D6288F /* PBXContainerItemProxy */ = {
			isa = PBXContainerItemProxy;
			containerPortal = 7DFE037421CB2C8800D6288F /* Project object */;
			proxyType = 1;
			remoteGlobalIDString = 7DFE037B21CB2C8800D6288F;
			remoteInfo = "LED Strip Controller";
		};
		7DFE039A21CB2C8900D6288F /* PBXContainerItemProxy */ = {
			isa = PBXContainerItemProxy;
			containerPortal = 7DFE037421CB2C8800D6288F /* Project object */;
			proxyType = 1;
			remoteGlobalIDString = 7DFE037B21CB2C8800D6288F;
			remoteInfo = "LED Strip Controller";
		};
/* End PBXContainerItemProxy section */

/* Begin PBXCopyFilesBuildPhase section */
		7D33777321CF23F000554841 /* CopyFiles */ = {
			isa = PBXCopyFilesBuildPhase;
			buildActionMask = 2147483647;
			dstPath = "";
			dstSubfolderSpec = 16;
			files = (
			);
			runOnlyForDeploymentPostprocessing = 0;
		};
		7D33777C21CF244300554841 /* Embed Frameworks */ = {
			isa = PBXCopyFilesBuildPhase;
			buildActionMask = 2147483647;
			dstPath = "";
			dstSubfolderSpec = 10;
			files = (
				7DF1B66221F9895900FC818E /* GistSwift.framework in Embed Frameworks */,
				7DF1B66421F9895900FC818E /* ORSSerial.framework in Embed Frameworks */,
			);
			name = "Embed Frameworks";
			runOnlyForDeploymentPostprocessing = 0;
		};
/* End PBXCopyFilesBuildPhase section */

/* Begin PBXFileReference section */
		7D03140121D24ABE00F46D04 /* VisualizerTextField.swift */ = {isa = PBXFileReference; lastKnownFileType = sourcecode.swift; path = VisualizerTextField.swift; sourceTree = "<group>"; };
		7D03140321D2539D00F46D04 /* LightController.swift */ = {isa = PBXFileReference; lastKnownFileType = sourcecode.swift; path = LightController.swift; sourceTree = "<group>"; };
		7D03140921D2E0DE00F46D04 /* PreferencesViewController.swift */ = {isa = PBXFileReference; lastKnownFileType = sourcecode.swift; path = PreferencesViewController.swift; sourceTree = "<group>"; };
		7D03140B21D2E30300F46D04 /* DeviceManager.swift */ = {isa = PBXFileReference; lastKnownFileType = sourcecode.swift; path = DeviceManager.swift; sourceTree = "<group>"; };
		7D03140D21D2E40100F46D04 /* bridge.h */ = {isa = PBXFileReference; lastKnownFileType = sourcecode.c.h; path = bridge.h; sourceTree = "<group>"; };
		7D0F4FDC21D63E57006A092B /* LightPatternManager.swift */ = {isa = PBXFileReference; lastKnownFileType = sourcecode.swift; path = LightPatternManager.swift; sourceTree = "<group>"; };
		7D12FB612249AD0F005726DA /* ScrollingLevelView.swift */ = {isa = PBXFileReference; lastKnownFileType = sourcecode.swift; path = ScrollingLevelView.swift; sourceTree = "<group>"; };
		7D12FB63224EEB6F005726DA /* RangeControl.swift */ = {isa = PBXFileReference; lastKnownFileType = sourcecode.swift; path = RangeControl.swift; sourceTree = "<group>"; };
		7D14BC5621D0464700CF199F /* VisualizerMainViewController.swift */ = {isa = PBXFileReference; lastKnownFileType = sourcecode.swift; path = VisualizerMainViewController.swift; sourceTree = "<group>"; };
		7D14BC5821D0C1E500CF199F /* VisualizationDrivers.swift */ = {isa = PBXFileReference; lastKnownFileType = sourcecode.swift; path = VisualizationDrivers.swift; sourceTree = "<group>"; };
		7D1FDA192239ACEA000AC7FE /* AdjustableLevelView.swift */ = {isa = PBXFileReference; lastKnownFileType = sourcecode.swift; path = AdjustableLevelView.swift; sourceTree = "<group>"; };
		7D33777F21CF2C4900554841 /* BufferProcessor.swift */ = {isa = PBXFileReference; lastKnownFileType = sourcecode.swift; path = BufferProcessor.swift; sourceTree = "<group>"; };
		7D33778F21D035C800554841 /* DynamicRange.swift */ = {isa = PBXFileReference; lastKnownFileType = sourcecode.swift; path = DynamicRange.swift; sourceTree = "<group>"; };
		7D42758421D866760075A325 /* SaveDialogViewController.swift */ = {isa = PBXFileReference; lastKnownFileType = sourcecode.swift; path = SaveDialogViewController.swift; sourceTree = "<group>"; };
		7D447BDB21FD333D00D09EA8 /* README.md */ = {isa = PBXFileReference; lastKnownFileType = net.daringfireball.markdown; path = README.md; sourceTree = "<group>"; };
		7D55915121DB366200982532 /* VisualizerSideViewController.swift */ = {isa = PBXFileReference; lastKnownFileType = sourcecode.swift; path = VisualizerSideViewController.swift; sourceTree = "<group>"; };
		7D5CF64B21DA566200D86666 /* Remap.swift */ = {isa = PBXFileReference; lastKnownFileType = sourcecode.swift; path = Remap.swift; sourceTree = "<group>"; };
		7D5E4E4D21D5B5A60074B129 /* GradientView.swift */ = {isa = PBXFileReference; lastKnownFileType = sourcecode.swift; path = GradientView.swift; sourceTree = "<group>"; };
		7D5E4E4F21D5C7F50074B129 /* GradientEditorViewController.swift */ = {isa = PBXFileReference; lastKnownFileType = sourcecode.swift; path = GradientEditorViewController.swift; sourceTree = "<group>"; };
		7D5E4E5121D602370074B129 /* AppManager.swift */ = {isa = PBXFileReference; lastKnownFileType = sourcecode.swift; path = AppManager.swift; sourceTree = "<group>"; };
		7D6BFD9C21F98EA700E17012 /* CircularColorWell.swift */ = {isa = PBXFileReference; fileEncoding = 4; lastKnownFileType = sourcecode.swift; path = CircularColorWell.swift; sourceTree = "<group>"; };
		7D6BFD9E21F98EB700E17012 /* SmoothingView.swift */ = {isa = PBXFileReference; fileEncoding = 4; lastKnownFileType = sourcecode.swift; path = SmoothingView.swift; sourceTree = "<group>"; };
		7D6D4DE121F2C9CC00553E11 /* AngleGradientArcLayer.swift */ = {isa = PBXFileReference; lastKnownFileType = sourcecode.swift; path = AngleGradientArcLayer.swift; sourceTree = "<group>"; };
		7D884BC721CC47FD00FAD263 /* Visualizer.swift */ = {isa = PBXFileReference; lastKnownFileType = sourcecode.swift; path = Visualizer.swift; sourceTree = "<group>"; };
		7D884BD321CCC36B00FAD263 /* SpectrumView.swift */ = {isa = PBXFileReference; lastKnownFileType = sourcecode.swift; path = SpectrumView.swift; sourceTree = "<group>"; };
		7D884BD521CCD8EE00FAD263 /* LegacyLevelView.swift */ = {isa = PBXFileReference; lastKnownFileType = sourcecode.swift; path = LegacyLevelView.swift; sourceTree = "<group>"; };
		7D884BD921CEEB9000FAD263 /* BiasedIIRFilter.swift */ = {isa = PBXFileReference; lastKnownFileType = sourcecode.swift; path = BiasedIIRFilter.swift; sourceTree = "<group>"; };
		7DB5D6E721D46E92000E7B6C /* VisualizerPresetManager.swift */ = {isa = PBXFileReference; lastKnownFileType = sourcecode.swift; path = VisualizerPresetManager.swift; sourceTree = "<group>"; };
		7DEBB54F21EE916800878309 /* AngleGradientLayer.m */ = {isa = PBXFileReference; lastKnownFileType = sourcecode.c.objc; path = AngleGradientLayer.m; sourceTree = "<group>"; };
		7DEBB55121EE917100878309 /* AngleGradientLayer.h */ = {isa = PBXFileReference; lastKnownFileType = sourcecode.c.h; path = AngleGradientLayer.h; sourceTree = "<group>"; };
		7DEBB55421EE977400878309 /* ArcLevelView.swift */ = {isa = PBXFileReference; lastKnownFileType = sourcecode.swift; path = ArcLevelView.swift; sourceTree = "<group>"; };
		7DF0C41D21E44DDB0007FD31 /* DynamicRangeViewController.swift */ = {isa = PBXFileReference; lastKnownFileType = sourcecode.swift; path = DynamicRangeViewController.swift; sourceTree = "<group>"; };
		7DF1B65B21F9893200FC818E /* GistSwift.framework.dSYM */ = {isa = PBXFileReference; lastKnownFileType = wrapper.dsym; name = GistSwift.framework.dSYM; path = Frameworks/GistSwift.framework.dSYM; sourceTree = "<group>"; };
		7DF1B65D21F9895300FC818E /* ORSSerial.framework */ = {isa = PBXFileReference; lastKnownFileType = wrapper.framework; name = ORSSerial.framework; path = Frameworks/ORSSerial.framework; sourceTree = "<group>"; };
		7DF1B65E21F9895300FC818E /* GistSwift.framework */ = {isa = PBXFileReference; lastKnownFileType = wrapper.framework; name = GistSwift.framework; path = Frameworks/GistSwift.framework; sourceTree = "<group>"; };
		7DFC341F2202DD7D00B4C993 /* SideViewController.swift */ = {isa = PBXFileReference; lastKnownFileType = sourcecode.swift; path = SideViewController.swift; sourceTree = "<group>"; };
		7DFE037C21CB2C8800D6288F /* LED Strip Controller.app */ = {isa = PBXFileReference; explicitFileType = wrapper.application; includeInIndex = 0; path = "LED Strip Controller.app"; sourceTree = BUILT_PRODUCTS_DIR; };
		7DFE037F21CB2C8800D6288F /* AppDelegate.swift */ = {isa = PBXFileReference; lastKnownFileType = sourcecode.swift; path = AppDelegate.swift; sourceTree = "<group>"; };
		7DFE038121CB2C8800D6288F /* ViewController.swift */ = {isa = PBXFileReference; lastKnownFileType = sourcecode.swift; path = ViewController.swift; sourceTree = "<group>"; };
		7DFE038321CB2C8900D6288F /* Assets.xcassets */ = {isa = PBXFileReference; lastKnownFileType = folder.assetcatalog; path = Assets.xcassets; sourceTree = "<group>"; };
		7DFE038621CB2C8900D6288F /* Base */ = {isa = PBXFileReference; lastKnownFileType = file.storyboard; name = Base; path = Base.lproj/Main.storyboard; sourceTree = "<group>"; };
		7DFE038821CB2C8900D6288F /* Info.plist */ = {isa = PBXFileReference; lastKnownFileType = text.plist.xml; path = Info.plist; sourceTree = "<group>"; };
		7DFE038921CB2C8900D6288F /* LED_Strip_Controller.entitlements */ = {isa = PBXFileReference; lastKnownFileType = text.plist.entitlements; path = LED_Strip_Controller.entitlements; sourceTree = "<group>"; };
		7DFE038E21CB2C8900D6288F /* LED Strip ControllerTests.xctest */ = {isa = PBXFileReference; explicitFileType = wrapper.cfbundle; includeInIndex = 0; path = "LED Strip ControllerTests.xctest"; sourceTree = BUILT_PRODUCTS_DIR; };
		7DFE039221CB2C8900D6288F /* LED_Strip_ControllerTests.swift */ = {isa = PBXFileReference; lastKnownFileType = sourcecode.swift; path = LED_Strip_ControllerTests.swift; sourceTree = "<group>"; };
		7DFE039421CB2C8900D6288F /* Info.plist */ = {isa = PBXFileReference; lastKnownFileType = text.plist.xml; path = Info.plist; sourceTree = "<group>"; };
		7DFE039921CB2C8900D6288F /* LED Strip ControllerUITests.xctest */ = {isa = PBXFileReference; explicitFileType = wrapper.cfbundle; includeInIndex = 0; path = "LED Strip ControllerUITests.xctest"; sourceTree = BUILT_PRODUCTS_DIR; };
		7DFE039D21CB2C8900D6288F /* LED_Strip_ControllerUITests.swift */ = {isa = PBXFileReference; lastKnownFileType = sourcecode.swift; path = LED_Strip_ControllerUITests.swift; sourceTree = "<group>"; };
		7DFE039F21CB2C8900D6288F /* Info.plist */ = {isa = PBXFileReference; lastKnownFileType = text.plist.xml; path = Info.plist; sourceTree = "<group>"; };
		7DFE03AD21CB304900D6288F /* ColorView.swift */ = {isa = PBXFileReference; lastKnownFileType = sourcecode.swift; path = ColorView.swift; sourceTree = "<group>"; };
		7DFE03B421CB6F8C00D6288F /* AudioEngine.swift */ = {isa = PBXFileReference; lastKnownFileType = sourcecode.swift; path = AudioEngine.swift; sourceTree = "<group>"; };
/* End PBXFileReference section */

/* Begin PBXFrameworksBuildPhase section */
		7DFE037921CB2C8800D6288F /* Frameworks */ = {
			isa = PBXFrameworksBuildPhase;
			buildActionMask = 2147483647;
			files = (
				7DF1B66121F9895900FC818E /* GistSwift.framework in Frameworks */,
				7DF1B66321F9895900FC818E /* ORSSerial.framework in Frameworks */,
			);
			runOnlyForDeploymentPostprocessing = 0;
		};
		7DFE038B21CB2C8900D6288F /* Frameworks */ = {
			isa = PBXFrameworksBuildPhase;
			buildActionMask = 2147483647;
			files = (
			);
			runOnlyForDeploymentPostprocessing = 0;
		};
		7DFE039621CB2C8900D6288F /* Frameworks */ = {
			isa = PBXFrameworksBuildPhase;
			buildActionMask = 2147483647;
			files = (
			);
			runOnlyForDeploymentPostprocessing = 0;
		};
/* End PBXFrameworksBuildPhase section */

/* Begin PBXGroup section */
		7D33778121D0274600554841 /* UI */ = {
			isa = PBXGroup;
			children = (
				7DEBB54E21EE914600878309 /* AngleGradientLayer */,
				7D49AADF21F98E0E00E151E8 /* Controllers */,
				7D49AAE021F98E1800E151E8 /* Views */,
			);
			path = UI;
			sourceTree = "<group>";
		};
		7D33778221D0277600554841 /* Audio */ = {
			isa = PBXGroup;
			children = (
				7D33777F21CF2C4900554841 /* BufferProcessor.swift */,
				7D884BD921CEEB9000FAD263 /* BiasedIIRFilter.swift */,
				7DFE03B421CB6F8C00D6288F /* AudioEngine.swift */,
			);
			path = Audio;
			sourceTree = "<group>";
		};
		7D3BDE8221DCAEE700E434BE /* Utility */ = {
			isa = PBXGroup;
			children = (
				7D33778F21D035C800554841 /* DynamicRange.swift */,
				7D5CF64B21DA566200D86666 /* Remap.swift */,
			);
			path = Utility;
			sourceTree = "<group>";
		};
		7D3BDE8321DCAEF800E434BE /* Lights */ = {
			isa = PBXGroup;
			children = (
				7D03140B21D2E30300F46D04 /* DeviceManager.swift */,
				7D0F4FDC21D63E57006A092B /* LightPatternManager.swift */,
				7D03140321D2539D00F46D04 /* LightController.swift */,
			);
			path = Lights;
			sourceTree = "<group>";
		};
		7D49AADF21F98E0E00E151E8 /* Controllers */ = {
			isa = PBXGroup;
			children = (
				7DFE038121CB2C8800D6288F /* ViewController.swift */,
				7DFC341F2202DD7D00B4C993 /* SideViewController.swift */,
				7D03140921D2E0DE00F46D04 /* PreferencesViewController.swift */,
				7D5E4E4F21D5C7F50074B129 /* GradientEditorViewController.swift */,
				7D14BC5621D0464700CF199F /* VisualizerMainViewController.swift */,
				7D55915121DB366200982532 /* VisualizerSideViewController.swift */,
				7D42758421D866760075A325 /* SaveDialogViewController.swift */,
				7DF0C41D21E44DDB0007FD31 /* DynamicRangeViewController.swift */,
			);
			path = Controllers;
			sourceTree = "<group>";
		};
		7D49AAE021F98E1800E151E8 /* Views */ = {
			isa = PBXGroup;
			children = (
				7D12FB63224EEB6F005726DA /* RangeControl.swift */,
				7D6BFD9C21F98EA700E17012 /* CircularColorWell.swift */,
				7D884BD321CCC36B00FAD263 /* SpectrumView.swift */,
				7D12FB612249AD0F005726DA /* ScrollingLevelView.swift */,
				7D1FDA192239ACEA000AC7FE /* AdjustableLevelView.swift */,
				7DFE03AD21CB304900D6288F /* ColorView.swift */,
				7D03140121D24ABE00F46D04 /* VisualizerTextField.swift */,
				7D884BD521CCD8EE00FAD263 /* LegacyLevelView.swift */,
				7D5E4E4D21D5B5A60074B129 /* GradientView.swift */,
				7DEBB55421EE977400878309 /* ArcLevelView.swift */,
				7D6BFD9E21F98EB700E17012 /* SmoothingView.swift */,
				7D6D4DE121F2C9CC00553E11 /* AngleGradientArcLayer.swift */,
			);
			path = Views;
			sourceTree = "<group>";
		};
		7DB5D6E921D4ABA3000E7B6C /* Visualizer */ = {
			isa = PBXGroup;
			children = (
				7D884BC721CC47FD00FAD263 /* Visualizer.swift */,
				7DB5D6E721D46E92000E7B6C /* VisualizerPresetManager.swift */,
				7D14BC5821D0C1E500CF199F /* VisualizationDrivers.swift */,
			);
			path = Visualizer;
			sourceTree = "<group>";
		};
		7DEBB54E21EE914600878309 /* AngleGradientLayer */ = {
			isa = PBXGroup;
			children = (
				7DEBB54F21EE916800878309 /* AngleGradientLayer.m */,
				7DEBB55121EE917100878309 /* AngleGradientLayer.h */,
			);
			path = AngleGradientLayer;
			sourceTree = "<group>";
		};
		7DFE037321CB2C8800D6288F = {
			isa = PBXGroup;
			children = (
				7DF1B65B21F9893200FC818E /* GistSwift.framework.dSYM */,
				7D447BDB21FD333D00D09EA8 /* README.md */,
				7DFE037E21CB2C8800D6288F /* LED Strip Controller */,
				7DFE039121CB2C8900D6288F /* LED Strip ControllerTests */,
				7DFE039C21CB2C8900D6288F /* LED Strip ControllerUITests */,
				7DFE037D21CB2C8800D6288F /* Products */,
				7DFE03AF21CB6D4400D6288F /* Frameworks */,
			);
			sourceTree = "<group>";
		};
		7DFE037D21CB2C8800D6288F /* Products */ = {
			isa = PBXGroup;
			children = (
				7DFE037C21CB2C8800D6288F /* LED Strip Controller.app */,
				7DFE038E21CB2C8900D6288F /* LED Strip ControllerTests.xctest */,
				7DFE039921CB2C8900D6288F /* LED Strip ControllerUITests.xctest */,
			);
			name = Products;
			sourceTree = "<group>";
		};
		7DFE037E21CB2C8800D6288F /* LED Strip Controller */ = {
			isa = PBXGroup;
			children = (
				7DFE038521CB2C8900D6288F /* Main.storyboard */,
				7DFE037F21CB2C8800D6288F /* AppDelegate.swift */,
				7D5E4E5121D602370074B129 /* AppManager.swift */,
				7D03140D21D2E40100F46D04 /* bridge.h */,
				7D3BDE8321DCAEF800E434BE /* Lights */,
				7DB5D6E921D4ABA3000E7B6C /* Visualizer */,
				7D33778121D0274600554841 /* UI */,
				7D33778221D0277600554841 /* Audio */,
				7D3BDE8221DCAEE700E434BE /* Utility */,
				7DFE038821CB2C8900D6288F /* Info.plist */,
				7DFE038321CB2C8900D6288F /* Assets.xcassets */,
				7DFE038921CB2C8900D6288F /* LED_Strip_Controller.entitlements */,
			);
			path = "LED Strip Controller";
			sourceTree = "<group>";
		};
		7DFE039121CB2C8900D6288F /* LED Strip ControllerTests */ = {
			isa = PBXGroup;
			children = (
				7DFE039221CB2C8900D6288F /* LED_Strip_ControllerTests.swift */,
				7DFE039421CB2C8900D6288F /* Info.plist */,
			);
			path = "LED Strip ControllerTests";
			sourceTree = "<group>";
		};
		7DFE039C21CB2C8900D6288F /* LED Strip ControllerUITests */ = {
			isa = PBXGroup;
			children = (
				7DFE039D21CB2C8900D6288F /* LED_Strip_ControllerUITests.swift */,
				7DFE039F21CB2C8900D6288F /* Info.plist */,
			);
			path = "LED Strip ControllerUITests";
			sourceTree = "<group>";
		};
		7DFE03AF21CB6D4400D6288F /* Frameworks */ = {
			isa = PBXGroup;
			children = (
				7DF1B65E21F9895300FC818E /* GistSwift.framework */,
				7DF1B65D21F9895300FC818E /* ORSSerial.framework */,
			);
			name = Frameworks;
			sourceTree = "<group>";
		};
/* End PBXGroup section */

/* Begin PBXNativeTarget section */
		7DFE037B21CB2C8800D6288F /* LED Strip Controller */ = {
			isa = PBXNativeTarget;
			buildConfigurationList = 7DFE03A221CB2C8900D6288F /* Build configuration list for PBXNativeTarget "LED Strip Controller" */;
			buildPhases = (
				7DFE037821CB2C8800D6288F /* Sources */,
				7DFE037921CB2C8800D6288F /* Frameworks */,
				7DFE037A21CB2C8800D6288F /* Resources */,
				7D33777321CF23F000554841 /* CopyFiles */,
				7D33777C21CF244300554841 /* Embed Frameworks */,
			);
			buildRules = (
			);
			dependencies = (
			);
			name = "LED Strip Controller";
			productName = "LED Strip Controller";
			productReference = 7DFE037C21CB2C8800D6288F /* LED Strip Controller.app */;
			productType = "com.apple.product-type.application";
		};
		7DFE038D21CB2C8900D6288F /* LED Strip ControllerTests */ = {
			isa = PBXNativeTarget;
			buildConfigurationList = 7DFE03A521CB2C8900D6288F /* Build configuration list for PBXNativeTarget "LED Strip ControllerTests" */;
			buildPhases = (
				7DFE038A21CB2C8900D6288F /* Sources */,
				7DFE038B21CB2C8900D6288F /* Frameworks */,
				7DFE038C21CB2C8900D6288F /* Resources */,
			);
			buildRules = (
			);
			dependencies = (
				7DFE039021CB2C8900D6288F /* PBXTargetDependency */,
			);
			name = "LED Strip ControllerTests";
			productName = "LED Strip ControllerTests";
			productReference = 7DFE038E21CB2C8900D6288F /* LED Strip ControllerTests.xctest */;
			productType = "com.apple.product-type.bundle.unit-test";
		};
		7DFE039821CB2C8900D6288F /* LED Strip ControllerUITests */ = {
			isa = PBXNativeTarget;
			buildConfigurationList = 7DFE03A821CB2C8900D6288F /* Build configuration list for PBXNativeTarget "LED Strip ControllerUITests" */;
			buildPhases = (
				7DFE039521CB2C8900D6288F /* Sources */,
				7DFE039621CB2C8900D6288F /* Frameworks */,
				7DFE039721CB2C8900D6288F /* Resources */,
			);
			buildRules = (
			);
			dependencies = (
				7DFE039B21CB2C8900D6288F /* PBXTargetDependency */,
			);
			name = "LED Strip ControllerUITests";
			productName = "LED Strip ControllerUITests";
			productReference = 7DFE039921CB2C8900D6288F /* LED Strip ControllerUITests.xctest */;
			productType = "com.apple.product-type.bundle.ui-testing";
		};
/* End PBXNativeTarget section */

/* Begin PBXProject section */
		7DFE037421CB2C8800D6288F /* Project object */ = {
			isa = PBXProject;
			attributes = {
				KnownAssetTags = (
					New,
				);
				LastSwiftUpdateCheck = 1010;
				LastUpgradeCheck = 1010;
				ORGANIZATIONNAME = "Jaden Bernal";
				TargetAttributes = {
					7DFE037B21CB2C8800D6288F = {
						CreatedOnToolsVersion = 10.1;
					};
					7DFE038D21CB2C8900D6288F = {
						CreatedOnToolsVersion = 10.1;
						TestTargetID = 7DFE037B21CB2C8800D6288F;
					};
					7DFE039821CB2C8900D6288F = {
						CreatedOnToolsVersion = 10.1;
						TestTargetID = 7DFE037B21CB2C8800D6288F;
					};
				};
			};
			buildConfigurationList = 7DFE037721CB2C8800D6288F /* Build configuration list for PBXProject "LED Strip Controller" */;
			compatibilityVersion = "Xcode 9.3";
			developmentRegion = en;
			hasScannedForEncodings = 0;
			knownRegions = (
				en,
				Base,
			);
			mainGroup = 7DFE037321CB2C8800D6288F;
			productRefGroup = 7DFE037D21CB2C8800D6288F /* Products */;
			projectDirPath = "";
			projectRoot = "";
			targets = (
				7DFE037B21CB2C8800D6288F /* LED Strip Controller */,
				7DFE038D21CB2C8900D6288F /* LED Strip ControllerTests */,
				7DFE039821CB2C8900D6288F /* LED Strip ControllerUITests */,
			);
		};
/* End PBXProject section */

/* Begin PBXResourcesBuildPhase section */
		7DFE037A21CB2C8800D6288F /* Resources */ = {
			isa = PBXResourcesBuildPhase;
			buildActionMask = 2147483647;
			files = (
				7DFE038421CB2C8900D6288F /* Assets.xcassets in Resources */,
				7DF1B65C21F9893200FC818E /* GistSwift.framework.dSYM in Resources */,
				7DFE038721CB2C8900D6288F /* Main.storyboard in Resources */,
			);
			runOnlyForDeploymentPostprocessing = 0;
		};
		7DFE038C21CB2C8900D6288F /* Resources */ = {
			isa = PBXResourcesBuildPhase;
			buildActionMask = 2147483647;
			files = (
			);
			runOnlyForDeploymentPostprocessing = 0;
		};
		7DFE039721CB2C8900D6288F /* Resources */ = {
			isa = PBXResourcesBuildPhase;
			buildActionMask = 2147483647;
			files = (
			);
			runOnlyForDeploymentPostprocessing = 0;
		};
/* End PBXResourcesBuildPhase section */

/* Begin PBXSourcesBuildPhase section */
		7DFE037821CB2C8800D6288F /* Sources */ = {
			isa = PBXSourcesBuildPhase;
			buildActionMask = 2147483647;
			files = (
				7D1FDA1A2239ACEA000AC7FE /* AdjustableLevelView.swift in Sources */,
				7D0F4FDD21D63E57006A092B /* LightPatternManager.swift in Sources */,
				7D6BFD9F21F98EB700E17012 /* SmoothingView.swift in Sources */,
				7D33778621D027BC00554841 /* AudioEngine.swift in Sources */,
				7D03140421D2539D00F46D04 /* LightController.swift in Sources */,
				7D6BFD9D21F98EA700E17012 /* CircularColorWell.swift in Sources */,
				7D33778C21D027C500554841 /* Visualizer.swift in Sources */,
				7D14BC5721D0464700CF199F /* VisualizerMainViewController.swift in Sources */,
				7D33778A21D027C200554841 /* AppDelegate.swift in Sources */,
				7D12FB622249AD0F005726DA /* ScrollingLevelView.swift in Sources */,
				7D14BC5921D0C1E500CF199F /* VisualizationDrivers.swift in Sources */,
				7D33778B21D027C400554841 /* ViewController.swift in Sources */,
				7D5E4E5021D5C7F50074B129 /* GradientEditorViewController.swift in Sources */,
				7D33778821D027C000554841 /* ColorView.swift in Sources */,
				7D5E4E4E21D5B5A60074B129 /* GradientView.swift in Sources */,
				7D33778921D027C100554841 /* LegacyLevelView.swift in Sources */,
				7DF0C41E21E44DDB0007FD31 /* DynamicRangeViewController.swift in Sources */,
				7DEBB55521EE977400878309 /* ArcLevelView.swift in Sources */,
				7D6D4DE221F2C9CC00553E11 /* AngleGradientArcLayer.swift in Sources */,
				7D5E4E5221D602370074B129 /* AppManager.swift in Sources */,
				7D03140C21D2E30300F46D04 /* DeviceManager.swift in Sources */,
				7D03140221D24ABE00F46D04 /* VisualizerTextField.swift in Sources */,
				7D03140A21D2E0DE00F46D04 /* PreferencesViewController.swift in Sources */,
				7DEBB55021EE916800878309 /* AngleGradientLayer.m in Sources */,
				7DFC34202202DD7D00B4C993 /* SideViewController.swift in Sources */,
				7D5CF64C21DA566200D86666 /* Remap.swift in Sources */,
				7D42758521D866760075A325 /* SaveDialogViewController.swift in Sources */,
				7D33778721D027BF00554841 /* SpectrumView.swift in Sources */,
				7D55915221DB366200982532 /* VisualizerSideViewController.swift in Sources */,
				7DB5D6E821D46E92000E7B6C /* VisualizerPresetManager.swift in Sources */,
				7D33779021D035C800554841 /* DynamicRange.swift in Sources */,
				7D33778421D027BA00554841 /* BufferProcessor.swift in Sources */,
				7D12FB64224EEB6F005726DA /* RangeControl.swift in Sources */,
				7D33778521D027BB00554841 /* BiasedIIRFilter.swift in Sources */,
			);
			runOnlyForDeploymentPostprocessing = 0;
		};
		7DFE038A21CB2C8900D6288F /* Sources */ = {
			isa = PBXSourcesBuildPhase;
			buildActionMask = 2147483647;
			files = (
				7DFE039321CB2C8900D6288F /* LED_Strip_ControllerTests.swift in Sources */,
			);
			runOnlyForDeploymentPostprocessing = 0;
		};
		7DFE039521CB2C8900D6288F /* Sources */ = {
			isa = PBXSourcesBuildPhase;
			buildActionMask = 2147483647;
			files = (
				7DFE039E21CB2C8900D6288F /* LED_Strip_ControllerUITests.swift in Sources */,
			);
			runOnlyForDeploymentPostprocessing = 0;
		};
/* End PBXSourcesBuildPhase section */

/* Begin PBXTargetDependency section */
		7DFE039021CB2C8900D6288F /* PBXTargetDependency */ = {
			isa = PBXTargetDependency;
			target = 7DFE037B21CB2C8800D6288F /* LED Strip Controller */;
			targetProxy = 7DFE038F21CB2C8900D6288F /* PBXContainerItemProxy */;
		};
		7DFE039B21CB2C8900D6288F /* PBXTargetDependency */ = {
			isa = PBXTargetDependency;
			target = 7DFE037B21CB2C8800D6288F /* LED Strip Controller */;
			targetProxy = 7DFE039A21CB2C8900D6288F /* PBXContainerItemProxy */;
		};
/* End PBXTargetDependency section */

/* Begin PBXVariantGroup section */
		7DFE038521CB2C8900D6288F /* Main.storyboard */ = {
			isa = PBXVariantGroup;
			children = (
				7DFE038621CB2C8900D6288F /* Base */,
			);
			name = Main.storyboard;
			sourceTree = "<group>";
		};
/* End PBXVariantGroup section */

/* Begin XCBuildConfiguration section */
		7DFE03A021CB2C8900D6288F /* Debug */ = {
			isa = XCBuildConfiguration;
			buildSettings = {
				ALWAYS_SEARCH_USER_PATHS = NO;
				CLANG_ANALYZER_NONNULL = YES;
				CLANG_ANALYZER_NUMBER_OBJECT_CONVERSION = YES_AGGRESSIVE;
				CLANG_CXX_LANGUAGE_STANDARD = "gnu++14";
				CLANG_CXX_LIBRARY = "libc++";
				CLANG_ENABLE_MODULES = YES;
				CLANG_ENABLE_OBJC_ARC = YES;
				CLANG_ENABLE_OBJC_WEAK = YES;
				CLANG_WARN_BLOCK_CAPTURE_AUTORELEASING = YES;
				CLANG_WARN_BOOL_CONVERSION = YES;
				CLANG_WARN_COMMA = YES;
				CLANG_WARN_CONSTANT_CONVERSION = YES;
				CLANG_WARN_DEPRECATED_OBJC_IMPLEMENTATIONS = YES;
				CLANG_WARN_DIRECT_OBJC_ISA_USAGE = YES_ERROR;
				CLANG_WARN_DOCUMENTATION_COMMENTS = YES;
				CLANG_WARN_EMPTY_BODY = YES;
				CLANG_WARN_ENUM_CONVERSION = YES;
				CLANG_WARN_INFINITE_RECURSION = YES;
				CLANG_WARN_INT_CONVERSION = YES;
				CLANG_WARN_NON_LITERAL_NULL_CONVERSION = YES;
				CLANG_WARN_OBJC_IMPLICIT_RETAIN_SELF = YES;
				CLANG_WARN_OBJC_LITERAL_CONVERSION = YES;
				CLANG_WARN_OBJC_ROOT_CLASS = YES_ERROR;
				CLANG_WARN_RANGE_LOOP_ANALYSIS = YES;
				CLANG_WARN_STRICT_PROTOTYPES = YES;
				CLANG_WARN_SUSPICIOUS_MOVE = YES;
				CLANG_WARN_UNGUARDED_AVAILABILITY = YES_AGGRESSIVE;
				CLANG_WARN_UNREACHABLE_CODE = YES;
				CLANG_WARN__DUPLICATE_METHOD_MATCH = YES;
				CODE_SIGN_IDENTITY = "-";
				COPY_PHASE_STRIP = NO;
				DEBUG_INFORMATION_FORMAT = dwarf;
				ENABLE_STRICT_OBJC_MSGSEND = YES;
				ENABLE_TESTABILITY = YES;
				GCC_C_LANGUAGE_STANDARD = gnu11;
				GCC_DYNAMIC_NO_PIC = NO;
				GCC_NO_COMMON_BLOCKS = YES;
				GCC_OPTIMIZATION_LEVEL = 0;
				GCC_PREPROCESSOR_DEFINITIONS = (
					"DEBUG=1",
					"$(inherited)",
				);
				GCC_WARN_64_TO_32_BIT_CONVERSION = YES;
				GCC_WARN_ABOUT_RETURN_TYPE = YES_ERROR;
				GCC_WARN_UNDECLARED_SELECTOR = YES;
				GCC_WARN_UNINITIALIZED_AUTOS = YES_AGGRESSIVE;
				GCC_WARN_UNUSED_FUNCTION = YES;
				GCC_WARN_UNUSED_VARIABLE = YES;
				MACOSX_DEPLOYMENT_TARGET = 10.14;
				MTL_ENABLE_DEBUG_INFO = INCLUDE_SOURCE;
				MTL_FAST_MATH = YES;
				ONLY_ACTIVE_ARCH = YES;
				SDKROOT = macosx;
				SWIFT_ACTIVE_COMPILATION_CONDITIONS = DEBUG;
				SWIFT_OPTIMIZATION_LEVEL = "-Onone";
			};
			name = Debug;
		};
		7DFE03A121CB2C8900D6288F /* Release */ = {
			isa = XCBuildConfiguration;
			buildSettings = {
				ALWAYS_SEARCH_USER_PATHS = NO;
				CLANG_ANALYZER_NONNULL = YES;
				CLANG_ANALYZER_NUMBER_OBJECT_CONVERSION = YES_AGGRESSIVE;
				CLANG_CXX_LANGUAGE_STANDARD = "gnu++14";
				CLANG_CXX_LIBRARY = "libc++";
				CLANG_ENABLE_MODULES = YES;
				CLANG_ENABLE_OBJC_ARC = YES;
				CLANG_ENABLE_OBJC_WEAK = YES;
				CLANG_WARN_BLOCK_CAPTURE_AUTORELEASING = YES;
				CLANG_WARN_BOOL_CONVERSION = YES;
				CLANG_WARN_COMMA = YES;
				CLANG_WARN_CONSTANT_CONVERSION = YES;
				CLANG_WARN_DEPRECATED_OBJC_IMPLEMENTATIONS = YES;
				CLANG_WARN_DIRECT_OBJC_ISA_USAGE = YES_ERROR;
				CLANG_WARN_DOCUMENTATION_COMMENTS = YES;
				CLANG_WARN_EMPTY_BODY = YES;
				CLANG_WARN_ENUM_CONVERSION = YES;
				CLANG_WARN_INFINITE_RECURSION = YES;
				CLANG_WARN_INT_CONVERSION = YES;
				CLANG_WARN_NON_LITERAL_NULL_CONVERSION = YES;
				CLANG_WARN_OBJC_IMPLICIT_RETAIN_SELF = YES;
				CLANG_WARN_OBJC_LITERAL_CONVERSION = YES;
				CLANG_WARN_OBJC_ROOT_CLASS = YES_ERROR;
				CLANG_WARN_RANGE_LOOP_ANALYSIS = YES;
				CLANG_WARN_STRICT_PROTOTYPES = YES;
				CLANG_WARN_SUSPICIOUS_MOVE = YES;
				CLANG_WARN_UNGUARDED_AVAILABILITY = YES_AGGRESSIVE;
				CLANG_WARN_UNREACHABLE_CODE = YES;
				CLANG_WARN__DUPLICATE_METHOD_MATCH = YES;
				CODE_SIGN_IDENTITY = "-";
				COPY_PHASE_STRIP = NO;
				DEBUG_INFORMATION_FORMAT = "dwarf-with-dsym";
				ENABLE_NS_ASSERTIONS = NO;
				ENABLE_STRICT_OBJC_MSGSEND = YES;
				GCC_C_LANGUAGE_STANDARD = gnu11;
				GCC_NO_COMMON_BLOCKS = YES;
				GCC_WARN_64_TO_32_BIT_CONVERSION = YES;
				GCC_WARN_ABOUT_RETURN_TYPE = YES_ERROR;
				GCC_WARN_UNDECLARED_SELECTOR = YES;
				GCC_WARN_UNINITIALIZED_AUTOS = YES_AGGRESSIVE;
				GCC_WARN_UNUSED_FUNCTION = YES;
				GCC_WARN_UNUSED_VARIABLE = YES;
				MACOSX_DEPLOYMENT_TARGET = 10.14;
				MTL_ENABLE_DEBUG_INFO = NO;
				MTL_FAST_MATH = YES;
				SDKROOT = macosx;
				SWIFT_COMPILATION_MODE = wholemodule;
				SWIFT_OPTIMIZATION_LEVEL = "-O";
			};
			name = Release;
		};
		7DFE03A321CB2C8900D6288F /* Debug */ = {
			isa = XCBuildConfiguration;
			buildSettings = {
				ASSETCATALOG_COMPILER_APPICON_NAME = AppIcon;
				CODE_SIGN_STYLE = Automatic;
				COMBINE_HIDPI_IMAGES = YES;
				FRAMEWORK_SEARCH_PATHS = (
					"$(PROJECT_DIR)",
					"$(PROJECT_DIR)/Frameworks",
				);
				GCC_OPTIMIZATION_LEVEL = s;
				INFOPLIST_FILE = "LED Strip Controller/Info.plist";
				LD_RUNPATH_SEARCH_PATHS = (
					"$(inherited)",
					"@executable_path/../Frameworks",
					"$(FRAMEWORK_SEARCH_PATHS)",
				);
				MACOSX_DEPLOYMENT_TARGET = 10.14;
				OTHER_LDFLAGS = (
					"-lstdc++",
					"-all_load",
				);
				PRODUCT_BUNDLE_IDENTIFIER = "jadenbernal.LED-Strip-Controller";
				PRODUCT_NAME = "$(TARGET_NAME)";
				SWIFT_OBJC_BRIDGING_HEADER = "$(PROJECT_DIR)/LED Strip Controller/bridge.h";
				SWIFT_OPTIMIZATION_LEVEL = "-O";
				SWIFT_VERSION = 4.2;
				VALID_ARCHS = x86_64;
			};
			name = Debug;
		};
		7DFE03A421CB2C8900D6288F /* Release */ = {
			isa = XCBuildConfiguration;
			buildSettings = {
				ASSETCATALOG_COMPILER_APPICON_NAME = AppIcon;
				CODE_SIGN_STYLE = Automatic;
				COMBINE_HIDPI_IMAGES = YES;
				FRAMEWORK_SEARCH_PATHS = (
					"$(PROJECT_DIR)",
					"$(PROJECT_DIR)/Frameworks",
				);
				GCC_OPTIMIZATION_LEVEL = s;
				INFOPLIST_FILE = "LED Strip Controller/Info.plist";
				LD_RUNPATH_SEARCH_PATHS = (
					"$(inherited)",
					"@executable_path/../Frameworks",
					"$(FRAMEWORK_SEARCH_PATHS)",
				);
				MACOSX_DEPLOYMENT_TARGET = 10.14;
				OTHER_LDFLAGS = (
					"-lstdc++",
					"-all_load",
				);
				PRODUCT_BUNDLE_IDENTIFIER = "jadenbernal.LED-Strip-Controller";
				PRODUCT_NAME = "$(TARGET_NAME)";
				SWIFT_OBJC_BRIDGING_HEADER = "$(PROJECT_DIR)/LED Strip Controller/bridge.h";
				SWIFT_VERSION = 4.2;
				VALID_ARCHS = x86_64;
			};
			name = Release;
		};
		7DFE03A621CB2C8900D6288F /* Debug */ = {
			isa = XCBuildConfiguration;
			buildSettings = {
				ALWAYS_EMBED_SWIFT_STANDARD_LIBRARIES = YES;
				BUNDLE_LOADER = "$(TEST_HOST)";
				CODE_SIGN_STYLE = Automatic;
				COMBINE_HIDPI_IMAGES = YES;
				INFOPLIST_FILE = "LED Strip ControllerTests/Info.plist";
				LD_RUNPATH_SEARCH_PATHS = (
					"$(inherited)",
					"@executable_path/../Frameworks",
					"@loader_path/../Frameworks",
				);
				PRODUCT_BUNDLE_IDENTIFIER = "jadenbernal.LED-Strip-ControllerTests";
				PRODUCT_NAME = "$(TARGET_NAME)";
				SWIFT_VERSION = 4.2;
				TEST_HOST = "$(BUILT_PRODUCTS_DIR)/LED Strip Controller.app/Contents/MacOS/LED Strip Controller";
			};
			name = Debug;
		};
		7DFE03A721CB2C8900D6288F /* Release */ = {
			isa = XCBuildConfiguration;
			buildSettings = {
				ALWAYS_EMBED_SWIFT_STANDARD_LIBRARIES = YES;
				BUNDLE_LOADER = "$(TEST_HOST)";
				CODE_SIGN_STYLE = Automatic;
				COMBINE_HIDPI_IMAGES = YES;
				INFOPLIST_FILE = "LED Strip ControllerTests/Info.plist";
				LD_RUNPATH_SEARCH_PATHS = (
					"$(inherited)",
					"@executable_path/../Frameworks",
					"@loader_path/../Frameworks",
				);
				PRODUCT_BUNDLE_IDENTIFIER = "jadenbernal.LED-Strip-ControllerTests";
				PRODUCT_NAME = "$(TARGET_NAME)";
				SWIFT_VERSION = 4.2;
				TEST_HOST = "$(BUILT_PRODUCTS_DIR)/LED Strip Controller.app/Contents/MacOS/LED Strip Controller";
			};
			name = Release;
		};
		7DFE03A921CB2C8900D6288F /* Debug */ = {
			isa = XCBuildConfiguration;
			buildSettings = {
				ALWAYS_EMBED_SWIFT_STANDARD_LIBRARIES = YES;
				CODE_SIGN_STYLE = Automatic;
				COMBINE_HIDPI_IMAGES = YES;
				INFOPLIST_FILE = "LED Strip ControllerUITests/Info.plist";
				LD_RUNPATH_SEARCH_PATHS = (
					"$(inherited)",
					"@executable_path/../Frameworks",
					"@loader_path/../Frameworks",
				);
				PRODUCT_BUNDLE_IDENTIFIER = "jadenbernal.LED-Strip-ControllerUITests";
				PRODUCT_NAME = "$(TARGET_NAME)";
				SWIFT_VERSION = 4.2;
				TEST_TARGET_NAME = "LED Strip Controller";
			};
			name = Debug;
		};
		7DFE03AA21CB2C8900D6288F /* Release */ = {
			isa = XCBuildConfiguration;
			buildSettings = {
				ALWAYS_EMBED_SWIFT_STANDARD_LIBRARIES = YES;
				CODE_SIGN_STYLE = Automatic;
				COMBINE_HIDPI_IMAGES = YES;
				INFOPLIST_FILE = "LED Strip ControllerUITests/Info.plist";
				LD_RUNPATH_SEARCH_PATHS = (
					"$(inherited)",
					"@executable_path/../Frameworks",
					"@loader_path/../Frameworks",
				);
				PRODUCT_BUNDLE_IDENTIFIER = "jadenbernal.LED-Strip-ControllerUITests";
				PRODUCT_NAME = "$(TARGET_NAME)";
				SWIFT_VERSION = 4.2;
				TEST_TARGET_NAME = "LED Strip Controller";
			};
			name = Release;
		};
/* End XCBuildConfiguration section */

/* Begin XCConfigurationList section */
		7DFE037721CB2C8800D6288F /* Build configuration list for PBXProject "LED Strip Controller" */ = {
			isa = XCConfigurationList;
			buildConfigurations = (
				7DFE03A021CB2C8900D6288F /* Debug */,
				7DFE03A121CB2C8900D6288F /* Release */,
			);
			defaultConfigurationIsVisible = 0;
			defaultConfigurationName = Release;
		};
		7DFE03A221CB2C8900D6288F /* Build configuration list for PBXNativeTarget "LED Strip Controller" */ = {
			isa = XCConfigurationList;
			buildConfigurations = (
				7DFE03A321CB2C8900D6288F /* Debug */,
				7DFE03A421CB2C8900D6288F /* Release */,
			);
			defaultConfigurationIsVisible = 0;
			defaultConfigurationName = Release;
		};
		7DFE03A521CB2C8900D6288F /* Build configuration list for PBXNativeTarget "LED Strip ControllerTests" */ = {
			isa = XCConfigurationList;
			buildConfigurations = (
				7DFE03A621CB2C8900D6288F /* Debug */,
				7DFE03A721CB2C8900D6288F /* Release */,
			);
			defaultConfigurationIsVisible = 0;
			defaultConfigurationName = Release;
		};
		7DFE03A821CB2C8900D6288F /* Build configuration list for PBXNativeTarget "LED Strip ControllerUITests" */ = {
			isa = XCConfigurationList;
			buildConfigurations = (
				7DFE03A921CB2C8900D6288F /* Debug */,
				7DFE03AA21CB2C8900D6288F /* Release */,
			);
			defaultConfigurationIsVisible = 0;
			defaultConfigurationName = Release;
		};
/* End XCConfigurationList section */
	};
	rootObject = 7DFE037421CB2C8800D6288F /* Project object */;
}
